
Microsoft Visual Studio Solution File, Format Version 12.00
# Visual Studio Version 17
VisualStudioVersion = 17.5.002.0
MinimumVisualStudioVersion = 10.0.40219.1
Project("{9A19103F-16F7-4668-BE54-9A1E7A4F7556}") = "mazegame", "mazegame\mazegame.csproj", "{EF1D89F8-A321-4413-AB83-D7FC0BB9A35B}"
EndProject
Project("{9A19103F-16F7-4668-BE54-9A1E7A4F7556}") = "mazegen", "mazegen\mazegen.csproj", "{3C8D6663-2494-41ED-A823-235787870EE2}"
EndProject
Global
	GlobalSection(SolutionConfigurationPlatforms) = preSolution
		Debug|Any CPU = Debug|Any CPU
		Release|Any CPU = Release|Any CPU
	EndGlobalSection
	GlobalSection(ProjectConfigurationPlatforms) = postSolution
		{EF1D89F8-A321-4413-AB83-D7FC0BB9A35B}.Debug|Any CPU.ActiveCfg = Debug|Any CPU
		{EF1D89F8-A321-4413-AB83-D7FC0BB9A35B}.Debug|Any CPU.Build.0 = Debug|Any CPU
		{EF1D89F8-A321-4413-AB83-D7FC0BB9A35B}.Release|Any CPU.ActiveCfg = Release|Any CPU
		{EF1D89F8-A321-4413-AB83-D7FC0BB9A35B}.Release|Any CPU.Build.0 = Release|Any CPU
		{3C8D6663-2494-41ED-A823-235787870EE2}.Debug|Any CPU.ActiveCfg = Debug|Any CPU
		{3C8D6663-2494-41ED-A823-235787870EE2}.Debug|Any CPU.Build.0 = Debug|Any CPU
		{3C8D6663-2494-41ED-A823-235787870EE2}.Release|Any CPU.ActiveCfg = Release|Any CPU
		{3C8D6663-2494-41ED-A823-235787870EE2}.Release|Any CPU.Build.0 = Release|Any CPU
	EndGlobalSection
	GlobalSection(SolutionProperties) = preSolution
		HideSolutionNode = FALSE
	EndGlobalSection
	GlobalSection(ExtensibilityGlobals) = postSolution
		SolutionGuid = {44BD01AE-92AB-4D9B-8E4E-C569C23869AA}
	EndGlobalSection
EndGlobal
